
Microsoft Visual Studio Solution File, Format Version 12.00
# Visual Studio 14
VisualStudioVersion = 14.0.25420.1
MinimumVisualStudioVersion = 10.0.40219.1
Project("{FAE04EC0-301F-11D3-BF4B-00C04F79EFBC}") = "server", "server\server.csproj", "{D5EACF86-21F9-41E5-B8DF-2897C5F10616}"
EndProject
Project("{FAE04EC0-301F-11D3-BF4B-00C04F79EFBC}") = "test", "test\test.csproj", "{B7375FE3-82F2-48CB-8250-4A0DEE93BF52}"
EndProject
Project("{FAE04EC0-301F-11D3-BF4B-00C04F79EFBC}") = "jeyjen.net.server", "..\..\jeyjen.net.server\jeyjen.net.server\jeyjen.net.server.csproj", "{5DC6389C-B8DD-490F-A9F6-A900A1177F51}"
EndProject
Global
	GlobalSection(SolutionConfigurationPlatforms) = preSolution
		Debug|Any CPU = Debug|Any CPU
		Release|Any CPU = Release|Any CPU
	EndGlobalSection
	GlobalSection(ProjectConfigurationPlatforms) = postSolution
		{D5EACF86-21F9-41E5-B8DF-2897C5F10616}.Debug|Any CPU.ActiveCfg = Debug|Any CPU
		{D5EACF86-21F9-41E5-B8DF-2897C5F10616}.Debug|Any CPU.Build.0 = Debug|Any CPU
		{D5EACF86-21F9-41E5-B8DF-2897C5F10616}.Release|Any CPU.ActiveCfg = Release|Any CPU
		{D5EACF86-21F9-41E5-B8DF-2897C5F10616}.Release|Any CPU.Build.0 = Release|Any CPU
		{B7375FE3-82F2-48CB-8250-4A0DEE93BF52}.Debug|Any CPU.ActiveCfg = Debug|Any CPU
		{B7375FE3-82F2-48CB-8250-4A0DEE93BF52}.Debug|Any CPU.Build.0 = Debug|Any CPU
		{B7375FE3-82F2-48CB-8250-4A0DEE93BF52}.Release|Any CPU.ActiveCfg = Release|Any CPU
		{B7375FE3-82F2-48CB-8250-4A0DEE93BF52}.Release|Any CPU.Build.0 = Release|Any CPU
		{5DC6389C-B8DD-490F-A9F6-A900A1177F51}.Debug|Any CPU.ActiveCfg = Debug|Any CPU
		{5DC6389C-B8DD-490F-A9F6-A900A1177F51}.Debug|Any CPU.Build.0 = Debug|Any CPU
		{5DC6389C-B8DD-490F-A9F6-A900A1177F51}.Release|Any CPU.ActiveCfg = Release|Any CPU
		{5DC6389C-B8DD-490F-A9F6-A900A1177F51}.Release|Any CPU.Build.0 = Release|Any CPU
	EndGlobalSection
	GlobalSection(SolutionProperties) = preSolution
		HideSolutionNode = FALSE
	EndGlobalSection
EndGlobal
